
Microsoft Visual Studio Solution File, Format Version 12.00
# Visual Studio Version 17
VisualStudioVersion = 17.5.33326.253
MinimumVisualStudioVersion = 10.0.40219.1
Project("{00D1A9C2-B5F0-4AF3-8072-F6C62B433612}") = "ThumbnailGenerator.Database", "ThumbnailGenerator.Database\ThumbnailGenerator.Database.sqlproj", "{47027A24-AE20-4A56-9F51-4450F36C1944}"
EndProject
Project("{9A19103F-16F7-4668-BE54-9A1E7A4F7556}") = "ThumbnailGenerator.Domain", "ThumbnailGenerator.Domain\ThumbnailGenerator.Domain.csproj", "{B0FDC57C-D351-419E-A160-55677C98D54D}"
EndProject
Project("{9A19103F-16F7-4668-BE54-9A1E7A4F7556}") = "ThumbnailGenerator.Data", "ThumbnailGenerator.Data\ThumbnailGenerator.Data.csproj", "{13B72502-3E50-4DA3-9C93-1781421C46E4}"
EndProject
Project("{9A19103F-16F7-4668-BE54-9A1E7A4F7556}") = "ThumbnailGenerator.Services", "ThumbnailGenerator.Services\ThumbnailGenerator.Services.csproj", "{6D5A6F56-1A83-4CF7-BD19-B3661432DF80}"
EndProject
Project("{FAE04EC0-301F-11D3-BF4B-00C04F79EFBC}") = "ThumbnailGenerator.Functions", "ThumbnailGenerator.Functions\ThumbnailGenerator.Functions.csproj", "{A34CE376-83BA-4DB6-B4DC-C4F6718BA6CD}"
EndProject
Global
	GlobalSection(SolutionConfigurationPlatforms) = preSolution
		Debug|Any CPU = Debug|Any CPU
		Release|Any CPU = Release|Any CPU
	EndGlobalSection
	GlobalSection(ProjectConfigurationPlatforms) = postSolution
		{47027A24-AE20-4A56-9F51-4450F36C1944}.Debug|Any CPU.ActiveCfg = Debug|Any CPU
		{47027A24-AE20-4A56-9F51-4450F36C1944}.Debug|Any CPU.Build.0 = Debug|Any CPU
		{47027A24-AE20-4A56-9F51-4450F36C1944}.Debug|Any CPU.Deploy.0 = Debug|Any CPU
		{47027A24-AE20-4A56-9F51-4450F36C1944}.Release|Any CPU.ActiveCfg = Release|Any CPU
		{47027A24-AE20-4A56-9F51-4450F36C1944}.Release|Any CPU.Build.0 = Release|Any CPU
		{47027A24-AE20-4A56-9F51-4450F36C1944}.Release|Any CPU.Deploy.0 = Release|Any CPU
		{B0FDC57C-D351-419E-A160-55677C98D54D}.Debug|Any CPU.ActiveCfg = Debug|Any CPU
		{B0FDC57C-D351-419E-A160-55677C98D54D}.Debug|Any CPU.Build.0 = Debug|Any CPU
		{B0FDC57C-D351-419E-A160-55677C98D54D}.Release|Any CPU.ActiveCfg = Release|Any CPU
		{B0FDC57C-D351-419E-A160-55677C98D54D}.Release|Any CPU.Build.0 = Release|Any CPU
		{13B72502-3E50-4DA3-9C93-1781421C46E4}.Debug|Any CPU.ActiveCfg = Debug|Any CPU
		{13B72502-3E50-4DA3-9C93-1781421C46E4}.Debug|Any CPU.Build.0 = Debug|Any CPU
		{13B72502-3E50-4DA3-9C93-1781421C46E4}.Release|Any CPU.ActiveCfg = Release|Any CPU
		{13B72502-3E50-4DA3-9C93-1781421C46E4}.Release|Any CPU.Build.0 = Release|Any CPU
		{6D5A6F56-1A83-4CF7-BD19-B3661432DF80}.Debug|Any CPU.ActiveCfg = Debug|Any CPU
		{6D5A6F56-1A83-4CF7-BD19-B3661432DF80}.Debug|Any CPU.Build.0 = Debug|Any CPU
		{6D5A6F56-1A83-4CF7-BD19-B3661432DF80}.Release|Any CPU.ActiveCfg = Release|Any CPU
		{6D5A6F56-1A83-4CF7-BD19-B3661432DF80}.Release|Any CPU.Build.0 = Release|Any CPU
		{A34CE376-83BA-4DB6-B4DC-C4F6718BA6CD}.Debug|Any CPU.ActiveCfg = Debug|Any CPU
		{A34CE376-83BA-4DB6-B4DC-C4F6718BA6CD}.Debug|Any CPU.Build.0 = Debug|Any CPU
		{A34CE376-83BA-4DB6-B4DC-C4F6718BA6CD}.Release|Any CPU.ActiveCfg = Release|Any CPU
		{A34CE376-83BA-4DB6-B4DC-C4F6718BA6CD}.Release|Any CPU.Build.0 = Release|Any CPU
	EndGlobalSection
	GlobalSection(SolutionProperties) = preSolution
		HideSolutionNode = FALSE
	EndGlobalSection
	GlobalSection(ExtensibilityGlobals) = postSolution
		SolutionGuid = {E0E6DF98-D3CB-4FB1-A2A7-8177157CBEDE}
	EndGlobalSection
EndGlobal
